Microsoft Visual Studio Solution File, Format Version 12.00
# Visual Studio 15
VisualStudioVersion = 15.0.26124.0
MinimumVisualStudioVersion = 15.0.26124.0
Project("{2150E333-8FDC-42A3-9474-1A3956D46DE8}") = "Code", "Code", "{2AFBEF75-7602-409E-A9A2-02D7CD464D5F}"
EndProject
Project("{2150E333-8FDC-42A3-9474-1A3956D46DE8}") = "Tests", "Tests", "{9AE15966-1267-49B5-A284-8E0B7594F9D1}"
EndProject
Project("{2150E333-8FDC-42A3-9474-1A3956D46DE8}") = "BusinessLayer", "BusinessLayer", "{A6B0130D-F902-4045-9AB6-BE4CF27999C3}"
EndProject
Project("{2150E333-8FDC-42A3-9474-1A3956D46DE8}") = "PlatformServices", "PlatformServices", "{3828C3D0-3395-418F-95C2-A0F1788B0D8C}"
EndProject
Project("{2150E333-8FDC-42A3-9474-1A3956D46DE8}") = "DataLayer", "DataLayer", "{4218D69B-4BFE-4F1C-847B-AF2B6B296C43}"
EndProject
Project("{2150E333-8FDC-42A3-9474-1A3956D46DE8}") = "ServiceGateway", "ServiceGateway", "{507783A2-5FC7-43F7-9ECE-F69FC2379D81}"
EndProject
Project("{FAE04EC0-301F-11D3-BF4B-00C04F79EFBC}") = "Estimate.PlatformServices", "Code\Estimate.PlatformServices\Estimate.PlatformServices.csproj", "{5F159C4C-D37B-4F8D-AD84-06CFF4672B46}"
EndProject
Project("{FAE04EC0-301F-11D3-BF4B-00C04F79EFBC}") = "Estimate.PlatformServices.Contracts", "Code\Estimate.PlatformServices.Contracts\Estimate.PlatformServices.Contracts.csproj", "{C5328949-BFB6-4E76-B76E-82BEEB056097}"
EndProject
Project("{FAE04EC0-301F-11D3-BF4B-00C04F79EFBC}") = "Estimate.BusinessEntities", "Code\Estimate.BusinessEntities\Estimate.BusinessEntities.csproj", "{B9961AB3-B91E-4DDE-863A-9D5130B3EC59}"
EndProject
Project("{FAE04EC0-301F-11D3-BF4B-00C04F79EFBC}") = "Estimate.BusinessServices", "Code\Estimate.BusinessServices\Estimate.BusinessServices.csproj", "{C2F8E46C-8CB5-44DF-8809-68D950AA1330}"
EndProject
Project("{FAE04EC0-301F-11D3-BF4B-00C04F79EFBC}") = "Estimate.Data", "Code\Estimate.Data\Estimate.Data.csproj", "{FC3E9445-3F1A-4DC6-9C8F-20E29B0D988A}"
EndProject
Project("{FAE04EC0-301F-11D3-BF4B-00C04F79EFBC}") = "Estimate.ServiceGateway", "Code\Estimate.ServiceGateway\Estimate.ServiceGateway.csproj", "{12F3B1A6-C2E1-4361-B90A-B2A7AC64E9B1}"
EndProject
Project("{FAE04EC0-301F-11D3-BF4B-00C04F79EFBC}") = "Estimate.Test.PlatformServices", "Tests\Estimate.Test.PlatformServices\Estimate.Test.PlatformServices.csproj", "{A44CF5CF-98CE-4167-8769-2F11A8CC24CB}"
EndProject
Project("{FAE04EC0-301F-11D3-BF4B-00C04F79EFBC}") = "Estimate.Test.BusinessServices", "Tests\Estimate.Test.BusinessServices\Estimate.Test.BusinessServices.csproj", "{E650178D-9D4F-4D59-A64E-F4040EEDF452}"
EndProject
Project("{FAE04EC0-301F-11D3-BF4B-00C04F79EFBC}") = "Estimate.Test.Data", "Tests\Estimate.Test.Data\Estimate.Test.Data.csproj", "{9F7E9B78-C01B-49B3-9A92-1BD803697711}"
EndProject
Project("{FAE04EC0-301F-11D3-BF4B-00C04F79EFBC}") = "Estimate.Test.ServiceGateway", "Tests\Estimate.Test.ServiceGateway\Estimate.Test.ServiceGateway.csproj", "{5947D89D-8453-4690-950A-F143DEC7A867}"
EndProject
Project("{FAE04EC0-301F-11D3-BF4B-00C04F79EFBC}") = "Estimate.Test.Framework", "Tests\Estimate.Test.Framework\Estimate.Test.Framework.csproj", "{ED490293-047D-4A18-BEA0-B3066F1CE1C6}"
EndProject
Global
	GlobalSection(SolutionConfigurationPlatforms) = preSolution
		Debug|Android = Debug|Android
		Debug|Any CPU = Debug|Any CPU
		Debug|iOS = Debug|iOS
		Debug|Windows Phone (Universal) = Debug|Windows Phone (Universal)
		Debug|Windows Phone 8 = Debug|Windows Phone 8
		Debug|Windows-AnyCPU = Debug|Windows-AnyCPU
		Debug|Windows-ARM = Debug|Windows-ARM
		Debug|Windows-x64 = Debug|Windows-x64
		Debug|Windows-x86 = Debug|Windows-x86
		Debug|x86 = Debug|x86
		Release|Android = Release|Android
		Release|Any CPU = Release|Any CPU
		Release|iOS = Release|iOS
		Release|Windows Phone (Universal) = Release|Windows Phone (Universal)
		Release|Windows Phone 8 = Release|Windows Phone 8
		Release|Windows-AnyCPU = Release|Windows-AnyCPU
		Release|Windows-ARM = Release|Windows-ARM
		Release|Windows-x64 = Release|Windows-x64
		Release|Windows-x86 = Release|Windows-x86
		Release|x86 = Release|x86
	EndGlobalSection
  GlobalSection(ProjectConfigurationPlatforms) = postSolution
		{5F159C4C-D37B-4F8D-AD84-06CFF4672B46}.Debug|Android.ActiveCfg = Debug|Any CPU
		{5F159C4C-D37B-4F8D-AD84-06CFF4672B46}.Debug|Android.Build.0 = Debug|Any CPU
		{5F159C4C-D37B-4F8D-AD84-06CFF4672B46}.Debug|Any CPU.ActiveCfg = Debug|Any CPU
		{5F159C4C-D37B-4F8D-AD84-06CFF4672B46}.Debug|Any CPU.Build.0 = Debug|Any CPU
		{5F159C4C-D37B-4F8D-AD84-06CFF4672B46}.Debug|iOS.ActiveCfg = Debug|Any CPU
		{5F159C4C-D37B-4F8D-AD84-06CFF4672B46}.Debug|iOS.Build.0 = Debug|Any CPU
		{5F159C4C-D37B-4F8D-AD84-06CFF4672B46}.Debug|Windows Phone (Universal).ActiveCfg = Debug|Any CPU
		{5F159C4C-D37B-4F8D-AD84-06CFF4672B46}.Debug|Windows Phone (Universal).Build.0 = Debug|Any CPU
		{5F159C4C-D37B-4F8D-AD84-06CFF4672B46}.Debug|Windows Phone 8.ActiveCfg = Debug|Any CPU
		{5F159C4C-D37B-4F8D-AD84-06CFF4672B46}.Debug|Windows Phone 8.Build.0 = Debug|Any CPU
		{5F159C4C-D37B-4F8D-AD84-06CFF4672B46}.Debug|Windows-AnyCPU.ActiveCfg = Debug|Any CPU
		{5F159C4C-D37B-4F8D-AD84-06CFF4672B46}.Debug|Windows-AnyCPU.Build.0 = Debug|Any CPU
		{5F159C4C-D37B-4F8D-AD84-06CFF4672B46}.Debug|Windows-ARM.ActiveCfg = Debug|Any CPU
		{5F159C4C-D37B-4F8D-AD84-06CFF4672B46}.Debug|Windows-ARM.Build.0 = Debug|Any CPU
		{5F159C4C-D37B-4F8D-AD84-06CFF4672B46}.Debug|Windows-x64.ActiveCfg = Debug|Any CPU
		{5F159C4C-D37B-4F8D-AD84-06CFF4672B46}.Debug|Windows-x64.Build.0 = Debug|Any CPU
		{5F159C4C-D37B-4F8D-AD84-06CFF4672B46}.Debug|Windows-x86.ActiveCfg = Debug|Any CPU
		{5F159C4C-D37B-4F8D-AD84-06CFF4672B46}.Debug|Windows-x86.Build.0 = Debug|Any CPU
		{5F159C4C-D37B-4F8D-AD84-06CFF4672B46}.Debug|x86.ActiveCfg = Debug|Any CPU
		{5F159C4C-D37B-4F8D-AD84-06CFF4672B46}.Debug|x86.Build.0 = Debug|Any CPU
		{5F159C4C-D37B-4F8D-AD84-06CFF4672B46}.Release|Android.ActiveCfg = Release|Any CPU
		{5F159C4C-D37B-4F8D-AD84-06CFF4672B46}.Release|Android.Build.0 = Release|Any CPU
		{5F159C4C-D37B-4F8D-AD84-06CFF4672B46}.Release|Any CPU.ActiveCfg = Release|Any CPU
		{5F159C4C-D37B-4F8D-AD84-06CFF4672B46}.Release|Any CPU.Build.0 = Release|Any CPU
		{5F159C4C-D37B-4F8D-AD84-06CFF4672B46}.Release|iOS.ActiveCfg = Release|Any CPU
		{5F159C4C-D37B-4F8D-AD84-06CFF4672B46}.Release|iOS.Build.0 = Release|Any CPU
		{5F159C4C-D37B-4F8D-AD84-06CFF4672B46}.Release|Windows Phone (Universal).ActiveCfg = Release|Any CPU
		{5F159C4C-D37B-4F8D-AD84-06CFF4672B46}.Release|Windows Phone (Universal).Build.0 = Release|Any CPU
		{5F159C4C-D37B-4F8D-AD84-06CFF4672B46}.Release|Windows Phone 8.ActiveCfg = Release|Any CPU
		{5F159C4C-D37B-4F8D-AD84-06CFF4672B46}.Release|Windows Phone 8.Build.0 = Release|Any CPU
		{5F159C4C-D37B-4F8D-AD84-06CFF4672B46}.Release|Windows-AnyCPU.ActiveCfg = Release|Any CPU
		{5F159C4C-D37B-4F8D-AD84-06CFF4672B46}.Release|Windows-AnyCPU.Build.0 = Release|Any CPU
		{5F159C4C-D37B-4F8D-AD84-06CFF4672B46}.Release|Windows-ARM.ActiveCfg = Release|Any CPU
		{5F159C4C-D37B-4F8D-AD84-06CFF4672B46}.Release|Windows-ARM.Build.0 = Release|Any CPU
		{5F159C4C-D37B-4F8D-AD84-06CFF4672B46}.Release|Windows-x64.ActiveCfg = Release|Any CPU
		{5F159C4C-D37B-4F8D-AD84-06CFF4672B46}.Release|Windows-x64.Build.0 = Release|Any CPU
		{5F159C4C-D37B-4F8D-AD84-06CFF4672B46}.Release|Windows-x86.ActiveCfg = Release|Any CPU
		{5F159C4C-D37B-4F8D-AD84-06CFF4672B46}.Release|Windows-x86.Build.0 = Release|Any CPU
		{5F159C4C-D37B-4F8D-AD84-06CFF4672B46}.Release|x86.ActiveCfg = Release|Any CPU
		{5F159C4C-D37B-4F8D-AD84-06CFF4672B46}.Release|x86.Build.0 = Release|Any CPU
		{C5328949-BFB6-4E76-B76E-82BEEB056097}.Debug|Android.ActiveCfg = Debug|Any CPU
		{C5328949-BFB6-4E76-B76E-82BEEB056097}.Debug|Android.Build.0 = Debug|Any CPU
		{C5328949-BFB6-4E76-B76E-82BEEB056097}.Debug|Any CPU.ActiveCfg = Debug|Any CPU
		{C5328949-BFB6-4E76-B76E-82BEEB056097}.Debug|Any CPU.Build.0 = Debug|Any CPU
		{C5328949-BFB6-4E76-B76E-82BEEB056097}.Debug|iOS.ActiveCfg = Debug|Any CPU
		{C5328949-BFB6-4E76-B76E-82BEEB056097}.Debug|iOS.Build.0 = Debug|Any CPU
		{C5328949-BFB6-4E76-B76E-82BEEB056097}.Debug|Windows Phone (Universal).ActiveCfg = Debug|Any CPU
		{C5328949-BFB6-4E76-B76E-82BEEB056097}.Debug|Windows Phone (Universal).Build.0 = Debug|Any CPU
		{C5328949-BFB6-4E76-B76E-82BEEB056097}.Debug|Windows Phone 8.ActiveCfg = Debug|Any CPU
		{C5328949-BFB6-4E76-B76E-82BEEB056097}.Debug|Windows Phone 8.Build.0 = Debug|Any CPU
		{C5328949-BFB6-4E76-B76E-82BEEB056097}.Debug|Windows-AnyCPU.ActiveCfg = Debug|Any CPU
		{C5328949-BFB6-4E76-B76E-82BEEB056097}.Debug|Windows-AnyCPU.Build.0 = Debug|Any CPU
		{C5328949-BFB6-4E76-B76E-82BEEB056097}.Debug|Windows-ARM.ActiveCfg = Debug|Any CPU
		{C5328949-BFB6-4E76-B76E-82BEEB056097}.Debug|Windows-ARM.Build.0 = Debug|Any CPU
		{C5328949-BFB6-4E76-B76E-82BEEB056097}.Debug|Windows-x64.ActiveCfg = Debug|Any CPU
		{C5328949-BFB6-4E76-B76E-82BEEB056097}.Debug|Windows-x64.Build.0 = Debug|Any CPU
		{C5328949-BFB6-4E76-B76E-82BEEB056097}.Debug|Windows-x86.ActiveCfg = Debug|Any CPU
		{C5328949-BFB6-4E76-B76E-82BEEB056097}.Debug|Windows-x86.Build.0 = Debug|Any CPU
		{C5328949-BFB6-4E76-B76E-82BEEB056097}.Debug|x86.ActiveCfg = Debug|Any CPU
		{C5328949-BFB6-4E76-B76E-82BEEB056097}.Debug|x86.Build.0 = Debug|Any CPU
		{C5328949-BFB6-4E76-B76E-82BEEB056097}.Release|Android.ActiveCfg = Release|Any CPU
		{C5328949-BFB6-4E76-B76E-82BEEB056097}.Release|Android.Build.0 = Release|Any CPU
		{C5328949-BFB6-4E76-B76E-82BEEB056097}.Release|Any CPU.ActiveCfg = Release|Any CPU
		{C5328949-BFB6-4E76-B76E-82BEEB056097}.Release|Any CPU.Build.0 = Release|Any CPU
		{C5328949-BFB6-4E76-B76E-82BEEB056097}.Release|iOS.ActiveCfg = Release|Any CPU
		{C5328949-BFB6-4E76-B76E-82BEEB056097}.Release|iOS.Build.0 = Release|Any CPU
		{C5328949-BFB6-4E76-B76E-82BEEB056097}.Release|Windows Phone (Universal).ActiveCfg = Release|Any CPU
		{C5328949-BFB6-4E76-B76E-82BEEB056097}.Release|Windows Phone (Universal).Build.0 = Release|Any CPU
		{C5328949-BFB6-4E76-B76E-82BEEB056097}.Release|Windows Phone 8.ActiveCfg = Release|Any CPU
		{C5328949-BFB6-4E76-B76E-82BEEB056097}.Release|Windows Phone 8.Build.0 = Release|Any CPU
		{C5328949-BFB6-4E76-B76E-82BEEB056097}.Release|Windows-AnyCPU.ActiveCfg = Release|Any CPU
		{C5328949-BFB6-4E76-B76E-82BEEB056097}.Release|Windows-AnyCPU.Build.0 = Release|Any CPU
		{C5328949-BFB6-4E76-B76E-82BEEB056097}.Release|Windows-ARM.ActiveCfg = Release|Any CPU
		{C5328949-BFB6-4E76-B76E-82BEEB056097}.Release|Windows-ARM.Build.0 = Release|Any CPU
		{C5328949-BFB6-4E76-B76E-82BEEB056097}.Release|Windows-x64.ActiveCfg = Release|Any CPU
		{C5328949-BFB6-4E76-B76E-82BEEB056097}.Release|Windows-x64.Build.0 = Release|Any CPU
		{C5328949-BFB6-4E76-B76E-82BEEB056097}.Release|Windows-x86.ActiveCfg = Release|Any CPU
		{C5328949-BFB6-4E76-B76E-82BEEB056097}.Release|Windows-x86.Build.0 = Release|Any CPU
		{C5328949-BFB6-4E76-B76E-82BEEB056097}.Release|x86.ActiveCfg = Release|Any CPU
		{C5328949-BFB6-4E76-B76E-82BEEB056097}.Release|x86.Build.0 = Release|Any CPU
		{B9961AB3-B91E-4DDE-863A-9D5130B3EC59}.Debug|Android.ActiveCfg = Debug|Any CPU
		{B9961AB3-B91E-4DDE-863A-9D5130B3EC59}.Debug|Android.Build.0 = Debug|Any CPU
		{B9961AB3-B91E-4DDE-863A-9D5130B3EC59}.Debug|Any CPU.ActiveCfg = Debug|Any CPU
		{B9961AB3-B91E-4DDE-863A-9D5130B3EC59}.Debug|Any CPU.Build.0 = Debug|Any CPU
		{B9961AB3-B91E-4DDE-863A-9D5130B3EC59}.Debug|iOS.ActiveCfg = Debug|Any CPU
		{B9961AB3-B91E-4DDE-863A-9D5130B3EC59}.Debug|iOS.Build.0 = Debug|Any CPU
		{B9961AB3-B91E-4DDE-863A-9D5130B3EC59}.Debug|Windows Phone (Universal).ActiveCfg = Debug|Any CPU
		{B9961AB3-B91E-4DDE-863A-9D5130B3EC59}.Debug|Windows Phone (Universal).Build.0 = Debug|Any CPU
		{B9961AB3-B91E-4DDE-863A-9D5130B3EC59}.Debug|Windows Phone 8.ActiveCfg = Debug|Any CPU
		{B9961AB3-B91E-4DDE-863A-9D5130B3EC59}.Debug|Windows Phone 8.Build.0 = Debug|Any CPU
		{B9961AB3-B91E-4DDE-863A-9D5130B3EC59}.Debug|Windows-AnyCPU.ActiveCfg = Debug|Any CPU
		{B9961AB3-B91E-4DDE-863A-9D5130B3EC59}.Debug|Windows-AnyCPU.Build.0 = Debug|Any CPU
		{B9961AB3-B91E-4DDE-863A-9D5130B3EC59}.Debug|Windows-ARM.ActiveCfg = Debug|Any CPU
		{B9961AB3-B91E-4DDE-863A-9D5130B3EC59}.Debug|Windows-ARM.Build.0 = Debug|Any CPU
		{B9961AB3-B91E-4DDE-863A-9D5130B3EC59}.Debug|Windows-x64.ActiveCfg = Debug|Any CPU
		{B9961AB3-B91E-4DDE-863A-9D5130B3EC59}.Debug|Windows-x64.Build.0 = Debug|Any CPU
		{B9961AB3-B91E-4DDE-863A-9D5130B3EC59}.Debug|Windows-x86.ActiveCfg = Debug|Any CPU
		{B9961AB3-B91E-4DDE-863A-9D5130B3EC59}.Debug|Windows-x86.Build.0 = Debug|Any CPU
		{B9961AB3-B91E-4DDE-863A-9D5130B3EC59}.Debug|x86.ActiveCfg = Debug|Any CPU
		{B9961AB3-B91E-4DDE-863A-9D5130B3EC59}.Debug|x86.Build.0 = Debug|Any CPU
		{B9961AB3-B91E-4DDE-863A-9D5130B3EC59}.Release|Android.ActiveCfg = Release|Any CPU
		{B9961AB3-B91E-4DDE-863A-9D5130B3EC59}.Release|Android.Build.0 = Release|Any CPU
		{B9961AB3-B91E-4DDE-863A-9D5130B3EC59}.Release|Any CPU.ActiveCfg = Release|Any CPU
		{B9961AB3-B91E-4DDE-863A-9D5130B3EC59}.Release|Any CPU.Build.0 = Release|Any CPU
		{B9961AB3-B91E-4DDE-863A-9D5130B3EC59}.Release|iOS.ActiveCfg = Release|Any CPU
		{B9961AB3-B91E-4DDE-863A-9D5130B3EC59}.Release|iOS.Build.0 = Release|Any CPU
		{B9961AB3-B91E-4DDE-863A-9D5130B3EC59}.Release|Windows Phone (Universal).ActiveCfg = Release|Any CPU
		{B9961AB3-B91E-4DDE-863A-9D5130B3EC59}.Release|Windows Phone (Universal).Build.0 = Release|Any CPU
		{B9961AB3-B91E-4DDE-863A-9D5130B3EC59}.Release|Windows Phone 8.ActiveCfg = Release|Any CPU
		{B9961AB3-B91E-4DDE-863A-9D5130B3EC59}.Release|Windows Phone 8.Build.0 = Release|Any CPU
		{B9961AB3-B91E-4DDE-863A-9D5130B3EC59}.Release|Windows-AnyCPU.ActiveCfg = Release|Any CPU
		{B9961AB3-B91E-4DDE-863A-9D5130B3EC59}.Release|Windows-AnyCPU.Build.0 = Release|Any CPU
		{B9961AB3-B91E-4DDE-863A-9D5130B3EC59}.Release|Windows-ARM.ActiveCfg = Release|Any CPU
		{B9961AB3-B91E-4DDE-863A-9D5130B3EC59}.Release|Windows-ARM.Build.0 = Release|Any CPU
		{B9961AB3-B91E-4DDE-863A-9D5130B3EC59}.Release|Windows-x64.ActiveCfg = Release|Any CPU
		{B9961AB3-B91E-4DDE-863A-9D5130B3EC59}.Release|Windows-x64.Build.0 = Release|Any CPU
		{B9961AB3-B91E-4DDE-863A-9D5130B3EC59}.Release|Windows-x86.ActiveCfg = Release|Any CPU
		{B9961AB3-B91E-4DDE-863A-9D5130B3EC59}.Release|Windows-x86.Build.0 = Release|Any CPU
		{B9961AB3-B91E-4DDE-863A-9D5130B3EC59}.Release|x86.ActiveCfg = Release|Any CPU
		{B9961AB3-B91E-4DDE-863A-9D5130B3EC59}.Release|x86.Build.0 = Release|Any CPU
		{C2F8E46C-8CB5-44DF-8809-68D950AA1330}.Debug|Android.ActiveCfg = Debug|Any CPU
		{C2F8E46C-8CB5-44DF-8809-68D950AA1330}.Debug|Android.Build.0 = Debug|Any CPU
		{C2F8E46C-8CB5-44DF-8809-68D950AA1330}.Debug|Any CPU.ActiveCfg = Debug|Any CPU
		{C2F8E46C-8CB5-44DF-8809-68D950AA1330}.Debug|Any CPU.Build.0 = Debug|Any CPU
		{C2F8E46C-8CB5-44DF-8809-68D950AA1330}.Debug|iOS.ActiveCfg = Debug|Any CPU
		{C2F8E46C-8CB5-44DF-8809-68D950AA1330}.Debug|iOS.Build.0 = Debug|Any CPU
		{C2F8E46C-8CB5-44DF-8809-68D950AA1330}.Debug|Windows Phone (Universal).ActiveCfg = Debug|Any CPU
		{C2F8E46C-8CB5-44DF-8809-68D950AA1330}.Debug|Windows Phone (Universal).Build.0 = Debug|Any CPU
		{C2F8E46C-8CB5-44DF-8809-68D950AA1330}.Debug|Windows Phone 8.ActiveCfg = Debug|Any CPU
		{C2F8E46C-8CB5-44DF-8809-68D950AA1330}.Debug|Windows Phone 8.Build.0 = Debug|Any CPU
		{C2F8E46C-8CB5-44DF-8809-68D950AA1330}.Debug|Windows-AnyCPU.ActiveCfg = Debug|Any CPU
		{C2F8E46C-8CB5-44DF-8809-68D950AA1330}.Debug|Windows-AnyCPU.Build.0 = Debug|Any CPU
		{C2F8E46C-8CB5-44DF-8809-68D950AA1330}.Debug|Windows-ARM.ActiveCfg = Debug|Any CPU
		{C2F8E46C-8CB5-44DF-8809-68D950AA1330}.Debug|Windows-ARM.Build.0 = Debug|Any CPU
		{C2F8E46C-8CB5-44DF-8809-68D950AA1330}.Debug|Windows-x64.ActiveCfg = Debug|Any CPU
		{C2F8E46C-8CB5-44DF-8809-68D950AA1330}.Debug|Windows-x64.Build.0 = Debug|Any CPU
		{C2F8E46C-8CB5-44DF-8809-68D950AA1330}.Debug|Windows-x86.ActiveCfg = Debug|Any CPU
		{C2F8E46C-8CB5-44DF-8809-68D950AA1330}.Debug|Windows-x86.Build.0 = Debug|Any CPU
		{C2F8E46C-8CB5-44DF-8809-68D950AA1330}.Debug|x86.ActiveCfg = Debug|Any CPU
		{C2F8E46C-8CB5-44DF-8809-68D950AA1330}.Debug|x86.Build.0 = Debug|Any CPU
		{C2F8E46C-8CB5-44DF-8809-68D950AA1330}.Release|Android.ActiveCfg = Release|Any CPU
		{C2F8E46C-8CB5-44DF-8809-68D950AA1330}.Release|Android.Build.0 = Release|Any CPU
		{C2F8E46C-8CB5-44DF-8809-68D950AA1330}.Release|Any CPU.ActiveCfg = Release|Any CPU
		{C2F8E46C-8CB5-44DF-8809-68D950AA1330}.Release|Any CPU.Build.0 = Release|Any CPU
		{C2F8E46C-8CB5-44DF-8809-68D950AA1330}.Release|iOS.ActiveCfg = Release|Any CPU
		{C2F8E46C-8CB5-44DF-8809-68D950AA1330}.Release|iOS.Build.0 = Release|Any CPU
		{C2F8E46C-8CB5-44DF-8809-68D950AA1330}.Release|Windows Phone (Universal).ActiveCfg = Release|Any CPU
		{C2F8E46C-8CB5-44DF-8809-68D950AA1330}.Release|Windows Phone (Universal).Build.0 = Release|Any CPU
		{C2F8E46C-8CB5-44DF-8809-68D950AA1330}.Release|Windows Phone 8.ActiveCfg = Release|Any CPU
		{C2F8E46C-8CB5-44DF-8809-68D950AA1330}.Release|Windows Phone 8.Build.0 = Release|Any CPU
		{C2F8E46C-8CB5-44DF-8809-68D950AA1330}.Release|Windows-AnyCPU.ActiveCfg = Release|Any CPU
		{C2F8E46C-8CB5-44DF-8809-68D950AA1330}.Release|Windows-AnyCPU.Build.0 = Release|Any CPU
		{C2F8E46C-8CB5-44DF-8809-68D950AA1330}.Release|Windows-ARM.ActiveCfg = Release|Any CPU
		{C2F8E46C-8CB5-44DF-8809-68D950AA1330}.Release|Windows-ARM.Build.0 = Release|Any CPU
		{C2F8E46C-8CB5-44DF-8809-68D950AA1330}.Release|Windows-x64.ActiveCfg = Release|Any CPU
		{C2F8E46C-8CB5-44DF-8809-68D950AA1330}.Release|Windows-x64.Build.0 = Release|Any CPU
		{C2F8E46C-8CB5-44DF-8809-68D950AA1330}.Release|Windows-x86.ActiveCfg = Release|Any CPU
		{C2F8E46C-8CB5-44DF-8809-68D950AA1330}.Release|Windows-x86.Build.0 = Release|Any CPU
		{C2F8E46C-8CB5-44DF-8809-68D950AA1330}.Release|x86.ActiveCfg = Release|Any CPU
		{C2F8E46C-8CB5-44DF-8809-68D950AA1330}.Release|x86.Build.0 = Release|Any CPU
		{FC3E9445-3F1A-4DC6-9C8F-20E29B0D988A}.Debug|Android.ActiveCfg = Debug|Any CPU
		{FC3E9445-3F1A-4DC6-9C8F-20E29B0D988A}.Debug|Android.Build.0 = Debug|Any CPU
		{FC3E9445-3F1A-4DC6-9C8F-20E29B0D988A}.Debug|Any CPU.ActiveCfg = Debug|Any CPU
		{FC3E9445-3F1A-4DC6-9C8F-20E29B0D988A}.Debug|Any CPU.Build.0 = Debug|Any CPU
		{FC3E9445-3F1A-4DC6-9C8F-20E29B0D988A}.Debug|iOS.ActiveCfg = Debug|Any CPU
		{FC3E9445-3F1A-4DC6-9C8F-20E29B0D988A}.Debug|iOS.Build.0 = Debug|Any CPU
		{FC3E9445-3F1A-4DC6-9C8F-20E29B0D988A}.Debug|Windows Phone (Universal).ActiveCfg = Debug|Any CPU
		{FC3E9445-3F1A-4DC6-9C8F-20E29B0D988A}.Debug|Windows Phone (Universal).Build.0 = Debug|Any CPU
		{FC3E9445-3F1A-4DC6-9C8F-20E29B0D988A}.Debug|Windows Phone 8.ActiveCfg = Debug|Any CPU
		{FC3E9445-3F1A-4DC6-9C8F-20E29B0D988A}.Debug|Windows Phone 8.Build.0 = Debug|Any CPU
		{FC3E9445-3F1A-4DC6-9C8F-20E29B0D988A}.Debug|Windows-AnyCPU.ActiveCfg = Debug|Any CPU
		{FC3E9445-3F1A-4DC6-9C8F-20E29B0D988A}.Debug|Windows-AnyCPU.Build.0 = Debug|Any CPU
		{FC3E9445-3F1A-4DC6-9C8F-20E29B0D988A}.Debug|Windows-ARM.ActiveCfg = Debug|Any CPU
		{FC3E9445-3F1A-4DC6-9C8F-20E29B0D988A}.Debug|Windows-ARM.Build.0 = Debug|Any CPU
		{FC3E9445-3F1A-4DC6-9C8F-20E29B0D988A}.Debug|Windows-x64.ActiveCfg = Debug|Any CPU
		{FC3E9445-3F1A-4DC6-9C8F-20E29B0D988A}.Debug|Windows-x64.Build.0 = Debug|Any CPU
		{FC3E9445-3F1A-4DC6-9C8F-20E29B0D988A}.Debug|Windows-x86.ActiveCfg = Debug|Any CPU
		{FC3E9445-3F1A-4DC6-9C8F-20E29B0D988A}.Debug|Windows-x86.Build.0 = Debug|Any CPU
		{FC3E9445-3F1A-4DC6-9C8F-20E29B0D988A}.Debug|x86.ActiveCfg = Debug|Any CPU
		{FC3E9445-3F1A-4DC6-9C8F-20E29B0D988A}.Debug|x86.Build.0 = Debug|Any CPU
		{FC3E9445-3F1A-4DC6-9C8F-20E29B0D988A}.Release|Android.ActiveCfg = Release|Any CPU
		{FC3E9445-3F1A-4DC6-9C8F-20E29B0D988A}.Release|Android.Build.0 = Release|Any CPU
		{FC3E9445-3F1A-4DC6-9C8F-20E29B0D988A}.Release|Any CPU.ActiveCfg = Release|Any CPU
		{FC3E9445-3F1A-4DC6-9C8F-20E29B0D988A}.Release|Any CPU.Build.0 = Release|Any CPU
		{FC3E9445-3F1A-4DC6-9C8F-20E29B0D988A}.Release|iOS.ActiveCfg = Release|Any CPU
		{FC3E9445-3F1A-4DC6-9C8F-20E29B0D988A}.Release|iOS.Build.0 = Release|Any CPU
		{FC3E9445-3F1A-4DC6-9C8F-20E29B0D988A}.Release|Windows Phone (Universal).ActiveCfg = Release|Any CPU
		{FC3E9445-3F1A-4DC6-9C8F-20E29B0D988A}.Release|Windows Phone (Universal).Build.0 = Release|Any CPU
		{FC3E9445-3F1A-4DC6-9C8F-20E29B0D988A}.Release|Windows Phone 8.ActiveCfg = Release|Any CPU
		{FC3E9445-3F1A-4DC6-9C8F-20E29B0D988A}.Release|Windows Phone 8.Build.0 = Release|Any CPU
		{FC3E9445-3F1A-4DC6-9C8F-20E29B0D988A}.Release|Windows-AnyCPU.ActiveCfg = Release|Any CPU
		{FC3E9445-3F1A-4DC6-9C8F-20E29B0D988A}.Release|Windows-AnyCPU.Build.0 = Release|Any CPU
		{FC3E9445-3F1A-4DC6-9C8F-20E29B0D988A}.Release|Windows-ARM.ActiveCfg = Release|Any CPU
		{FC3E9445-3F1A-4DC6-9C8F-20E29B0D988A}.Release|Windows-ARM.Build.0 = Release|Any CPU
		{FC3E9445-3F1A-4DC6-9C8F-20E29B0D988A}.Release|Windows-x64.ActiveCfg = Release|Any CPU
		{FC3E9445-3F1A-4DC6-9C8F-20E29B0D988A}.Release|Windows-x64.Build.0 = Release|Any CPU
		{FC3E9445-3F1A-4DC6-9C8F-20E29B0D988A}.Release|Windows-x86.ActiveCfg = Release|Any CPU
		{FC3E9445-3F1A-4DC6-9C8F-20E29B0D988A}.Release|Windows-x86.Build.0 = Release|Any CPU
		{FC3E9445-3F1A-4DC6-9C8F-20E29B0D988A}.Release|x86.ActiveCfg = Release|Any CPU
		{FC3E9445-3F1A-4DC6-9C8F-20E29B0D988A}.Release|x86.Build.0 = Release|Any CPU
		{12F3B1A6-C2E1-4361-B90A-B2A7AC64E9B1}.Debug|Android.ActiveCfg = Debug|Any CPU
		{12F3B1A6-C2E1-4361-B90A-B2A7AC64E9B1}.Debug|Android.Build.0 = Debug|Any CPU
		{12F3B1A6-C2E1-4361-B90A-B2A7AC64E9B1}.Debug|Any CPU.ActiveCfg = Debug|Any CPU
		{12F3B1A6-C2E1-4361-B90A-B2A7AC64E9B1}.Debug|Any CPU.Build.0 = Debug|Any CPU
		{12F3B1A6-C2E1-4361-B90A-B2A7AC64E9B1}.Debug|iOS.ActiveCfg = Debug|Any CPU
		{12F3B1A6-C2E1-4361-B90A-B2A7AC64E9B1}.Debug|iOS.Build.0 = Debug|Any CPU
		{12F3B1A6-C2E1-4361-B90A-B2A7AC64E9B1}.Debug|Windows Phone (Universal).ActiveCfg = Debug|Any CPU
		{12F3B1A6-C2E1-4361-B90A-B2A7AC64E9B1}.Debug|Windows Phone (Universal).Build.0 = Debug|Any CPU
		{12F3B1A6-C2E1-4361-B90A-B2A7AC64E9B1}.Debug|Windows Phone 8.ActiveCfg = Debug|Any CPU
		{12F3B1A6-C2E1-4361-B90A-B2A7AC64E9B1}.Debug|Windows Phone 8.Build.0 = Debug|Any CPU
		{12F3B1A6-C2E1-4361-B90A-B2A7AC64E9B1}.Debug|Windows-AnyCPU.ActiveCfg = Debug|Any CPU
		{12F3B1A6-C2E1-4361-B90A-B2A7AC64E9B1}.Debug|Windows-AnyCPU.Build.0 = Debug|Any CPU
		{12F3B1A6-C2E1-4361-B90A-B2A7AC64E9B1}.Debug|Windows-ARM.ActiveCfg = Debug|Any CPU
		{12F3B1A6-C2E1-4361-B90A-B2A7AC64E9B1}.Debug|Windows-ARM.Build.0 = Debug|Any CPU
		{12F3B1A6-C2E1-4361-B90A-B2A7AC64E9B1}.Debug|Windows-x64.ActiveCfg = Debug|Any CPU
		{12F3B1A6-C2E1-4361-B90A-B2A7AC64E9B1}.Debug|Windows-x64.Build.0 = Debug|Any CPU
		{12F3B1A6-C2E1-4361-B90A-B2A7AC64E9B1}.Debug|Windows-x86.ActiveCfg = Debug|Any CPU
		{12F3B1A6-C2E1-4361-B90A-B2A7AC64E9B1}.Debug|Windows-x86.Build.0 = Debug|Any CPU
		{12F3B1A6-C2E1-4361-B90A-B2A7AC64E9B1}.Debug|x86.ActiveCfg = Debug|Any CPU
		{12F3B1A6-C2E1-4361-B90A-B2A7AC64E9B1}.Debug|x86.Build.0 = Debug|Any CPU
		{12F3B1A6-C2E1-4361-B90A-B2A7AC64E9B1}.Release|Android.ActiveCfg = Release|Any CPU
		{12F3B1A6-C2E1-4361-B90A-B2A7AC64E9B1}.Release|Android.Build.0 = Release|Any CPU
		{12F3B1A6-C2E1-4361-B90A-B2A7AC64E9B1}.Release|Any CPU.ActiveCfg = Release|Any CPU
		{12F3B1A6-C2E1-4361-B90A-B2A7AC64E9B1}.Release|Any CPU.Build.0 = Release|Any CPU
		{12F3B1A6-C2E1-4361-B90A-B2A7AC64E9B1}.Release|iOS.ActiveCfg = Release|Any CPU
		{12F3B1A6-C2E1-4361-B90A-B2A7AC64E9B1}.Release|iOS.Build.0 = Release|Any CPU
		{12F3B1A6-C2E1-4361-B90A-B2A7AC64E9B1}.Release|Windows Phone (Universal).ActiveCfg = Release|Any CPU
		{12F3B1A6-C2E1-4361-B90A-B2A7AC64E9B1}.Release|Windows Phone (Universal).Build.0 = Release|Any CPU
		{12F3B1A6-C2E1-4361-B90A-B2A7AC64E9B1}.Release|Windows Phone 8.ActiveCfg = Release|Any CPU
		{12F3B1A6-C2E1-4361-B90A-B2A7AC64E9B1}.Release|Windows Phone 8.Build.0 = Release|Any CPU
		{12F3B1A6-C2E1-4361-B90A-B2A7AC64E9B1}.Release|Windows-AnyCPU.ActiveCfg = Release|Any CPU
		{12F3B1A6-C2E1-4361-B90A-B2A7AC64E9B1}.Release|Windows-AnyCPU.Build.0 = Release|Any CPU
		{12F3B1A6-C2E1-4361-B90A-B2A7AC64E9B1}.Release|Windows-ARM.ActiveCfg = Release|Any CPU
		{12F3B1A6-C2E1-4361-B90A-B2A7AC64E9B1}.Release|Windows-ARM.Build.0 = Release|Any CPU
		{12F3B1A6-C2E1-4361-B90A-B2A7AC64E9B1}.Release|Windows-x64.ActiveCfg = Release|Any CPU
		{12F3B1A6-C2E1-4361-B90A-B2A7AC64E9B1}.Release|Windows-x64.Build.0 = Release|Any CPU
		{12F3B1A6-C2E1-4361-B90A-B2A7AC64E9B1}.Release|Windows-x86.ActiveCfg = Release|Any CPU
		{12F3B1A6-C2E1-4361-B90A-B2A7AC64E9B1}.Release|Windows-x86.Build.0 = Release|Any CPU
		{12F3B1A6-C2E1-4361-B90A-B2A7AC64E9B1}.Release|x86.ActiveCfg = Release|Any CPU
		{12F3B1A6-C2E1-4361-B90A-B2A7AC64E9B1}.Release|x86.Build.0 = Release|Any CPU
		{A44CF5CF-98CE-4167-8769-2F11A8CC24CB}.Debug|Android.ActiveCfg = Debug|Any CPU
		{A44CF5CF-98CE-4167-8769-2F11A8CC24CB}.Debug|Android.Build.0 = Debug|Any CPU
		{A44CF5CF-98CE-4167-8769-2F11A8CC24CB}.Debug|Any CPU.ActiveCfg = Debug|Any CPU
		{A44CF5CF-98CE-4167-8769-2F11A8CC24CB}.Debug|Any CPU.Build.0 = Debug|Any CPU
		{A44CF5CF-98CE-4167-8769-2F11A8CC24CB}.Debug|iOS.ActiveCfg = Debug|Any CPU
		{A44CF5CF-98CE-4167-8769-2F11A8CC24CB}.Debug|iOS.Build.0 = Debug|Any CPU
		{A44CF5CF-98CE-4167-8769-2F11A8CC24CB}.Debug|Windows Phone (Universal).ActiveCfg = Debug|Any CPU
		{A44CF5CF-98CE-4167-8769-2F11A8CC24CB}.Debug|Windows Phone (Universal).Build.0 = Debug|Any CPU
		{A44CF5CF-98CE-4167-8769-2F11A8CC24CB}.Debug|Windows Phone 8.ActiveCfg = Debug|Any CPU
		{A44CF5CF-98CE-4167-8769-2F11A8CC24CB}.Debug|Windows Phone 8.Build.0 = Debug|Any CPU
		{A44CF5CF-98CE-4167-8769-2F11A8CC24CB}.Debug|Windows-AnyCPU.ActiveCfg = Debug|Any CPU
		{A44CF5CF-98CE-4167-8769-2F11A8CC24CB}.Debug|Windows-AnyCPU.Build.0 = Debug|Any CPU
		{A44CF5CF-98CE-4167-8769-2F11A8CC24CB}.Debug|Windows-ARM.ActiveCfg = Debug|Any CPU
		{A44CF5CF-98CE-4167-8769-2F11A8CC24CB}.Debug|Windows-ARM.Build.0 = Debug|Any CPU
		{A44CF5CF-98CE-4167-8769-2F11A8CC24CB}.Debug|Windows-x64.ActiveCfg = Debug|Any CPU
		{A44CF5CF-98CE-4167-8769-2F11A8CC24CB}.Debug|Windows-x64.Build.0 = Debug|Any CPU
		{A44CF5CF-98CE-4167-8769-2F11A8CC24CB}.Debug|Windows-x86.ActiveCfg = Debug|Any CPU
		{A44CF5CF-98CE-4167-8769-2F11A8CC24CB}.Debug|Windows-x86.Build.0 = Debug|Any CPU
		{A44CF5CF-98CE-4167-8769-2F11A8CC24CB}.Debug|x86.ActiveCfg = Debug|Any CPU
		{A44CF5CF-98CE-4167-8769-2F11A8CC24CB}.Debug|x86.Build.0 = Debug|Any CPU
		{A44CF5CF-98CE-4167-8769-2F11A8CC24CB}.Release|Android.ActiveCfg = Release|Any CPU
		{A44CF5CF-98CE-4167-8769-2F11A8CC24CB}.Release|Android.Build.0 = Release|Any CPU
		{A44CF5CF-98CE-4167-8769-2F11A8CC24CB}.Release|Any CPU.ActiveCfg = Release|Any CPU
		{A44CF5CF-98CE-4167-8769-2F11A8CC24CB}.Release|Any CPU.Build.0 = Release|Any CPU
		{A44CF5CF-98CE-4167-8769-2F11A8CC24CB}.Release|iOS.ActiveCfg = Release|Any CPU
		{A44CF5CF-98CE-4167-8769-2F11A8CC24CB}.Release|iOS.Build.0 = Release|Any CPU
		{A44CF5CF-98CE-4167-8769-2F11A8CC24CB}.Release|Windows Phone (Universal).ActiveCfg = Release|Any CPU
		{A44CF5CF-98CE-4167-8769-2F11A8CC24CB}.Release|Windows Phone (Universal).Build.0 = Release|Any CPU
		{A44CF5CF-98CE-4167-8769-2F11A8CC24CB}.Release|Windows Phone 8.ActiveCfg = Release|Any CPU
		{A44CF5CF-98CE-4167-8769-2F11A8CC24CB}.Release|Windows Phone 8.Build.0 = Release|Any CPU
		{A44CF5CF-98CE-4167-8769-2F11A8CC24CB}.Release|Windows-AnyCPU.ActiveCfg = Release|Any CPU
		{A44CF5CF-98CE-4167-8769-2F11A8CC24CB}.Release|Windows-AnyCPU.Build.0 = Release|Any CPU
		{A44CF5CF-98CE-4167-8769-2F11A8CC24CB}.Release|Windows-ARM.ActiveCfg = Release|Any CPU
		{A44CF5CF-98CE-4167-8769-2F11A8CC24CB}.Release|Windows-ARM.Build.0 = Release|Any CPU
		{A44CF5CF-98CE-4167-8769-2F11A8CC24CB}.Release|Windows-x64.ActiveCfg = Release|Any CPU
		{A44CF5CF-98CE-4167-8769-2F11A8CC24CB}.Release|Windows-x64.Build.0 = Release|Any CPU
		{A44CF5CF-98CE-4167-8769-2F11A8CC24CB}.Release|Windows-x86.ActiveCfg = Release|Any CPU
		{A44CF5CF-98CE-4167-8769-2F11A8CC24CB}.Release|Windows-x86.Build.0 = Release|Any CPU
		{A44CF5CF-98CE-4167-8769-2F11A8CC24CB}.Release|x86.ActiveCfg = Release|Any CPU
		{A44CF5CF-98CE-4167-8769-2F11A8CC24CB}.Release|x86.Build.0 = Release|Any CPU
		{E650178D-9D4F-4D59-A64E-F4040EEDF452}.Debug|Android.ActiveCfg = Debug|Any CPU
		{E650178D-9D4F-4D59-A64E-F4040EEDF452}.Debug|Android.Build.0 = Debug|Any CPU
		{E650178D-9D4F-4D59-A64E-F4040EEDF452}.Debug|Any CPU.ActiveCfg = Debug|Any CPU
		{E650178D-9D4F-4D59-A64E-F4040EEDF452}.Debug|Any CPU.Build.0 = Debug|Any CPU
		{E650178D-9D4F-4D59-A64E-F4040EEDF452}.Debug|iOS.ActiveCfg = Debug|Any CPU
		{E650178D-9D4F-4D59-A64E-F4040EEDF452}.Debug|iOS.Build.0 = Debug|Any CPU
		{E650178D-9D4F-4D59-A64E-F4040EEDF452}.Debug|Windows Phone (Universal).ActiveCfg = Debug|Any CPU
		{E650178D-9D4F-4D59-A64E-F4040EEDF452}.Debug|Windows Phone (Universal).Build.0 = Debug|Any CPU
		{E650178D-9D4F-4D59-A64E-F4040EEDF452}.Debug|Windows Phone 8.ActiveCfg = Debug|Any CPU
		{E650178D-9D4F-4D59-A64E-F4040EEDF452}.Debug|Windows Phone 8.Build.0 = Debug|Any CPU
		{E650178D-9D4F-4D59-A64E-F4040EEDF452}.Debug|Windows-AnyCPU.ActiveCfg = Debug|Any CPU
		{E650178D-9D4F-4D59-A64E-F4040EEDF452}.Debug|Windows-AnyCPU.Build.0 = Debug|Any CPU
		{E650178D-9D4F-4D59-A64E-F4040EEDF452}.Debug|Windows-ARM.ActiveCfg = Debug|Any CPU
		{E650178D-9D4F-4D59-A64E-F4040EEDF452}.Debug|Windows-ARM.Build.0 = Debug|Any CPU
		{E650178D-9D4F-4D59-A64E-F4040EEDF452}.Debug|Windows-x64.ActiveCfg = Debug|Any CPU
		{E650178D-9D4F-4D59-A64E-F4040EEDF452}.Debug|Windows-x64.Build.0 = Debug|Any CPU
		{E650178D-9D4F-4D59-A64E-F4040EEDF452}.Debug|Windows-x86.ActiveCfg = Debug|Any CPU
		{E650178D-9D4F-4D59-A64E-F4040EEDF452}.Debug|Windows-x86.Build.0 = Debug|Any CPU
		{E650178D-9D4F-4D59-A64E-F4040EEDF452}.Debug|x86.ActiveCfg = Debug|Any CPU
		{E650178D-9D4F-4D59-A64E-F4040EEDF452}.Debug|x86.Build.0 = Debug|Any CPU
		{E650178D-9D4F-4D59-A64E-F4040EEDF452}.Release|Android.ActiveCfg = Release|Any CPU
		{E650178D-9D4F-4D59-A64E-F4040EEDF452}.Release|Android.Build.0 = Release|Any CPU
		{E650178D-9D4F-4D59-A64E-F4040EEDF452}.Release|Any CPU.ActiveCfg = Release|Any CPU
		{E650178D-9D4F-4D59-A64E-F4040EEDF452}.Release|Any CPU.Build.0 = Release|Any CPU
		{E650178D-9D4F-4D59-A64E-F4040EEDF452}.Release|iOS.ActiveCfg = Release|Any CPU
		{E650178D-9D4F-4D59-A64E-F4040EEDF452}.Release|iOS.Build.0 = Release|Any CPU
		{E650178D-9D4F-4D59-A64E-F4040EEDF452}.Release|Windows Phone (Universal).ActiveCfg = Release|Any CPU
		{E650178D-9D4F-4D59-A64E-F4040EEDF452}.Release|Windows Phone (Universal).Build.0 = Release|Any CPU
		{E650178D-9D4F-4D59-A64E-F4040EEDF452}.Release|Windows Phone 8.ActiveCfg = Release|Any CPU
		{E650178D-9D4F-4D59-A64E-F4040EEDF452}.Release|Windows Phone 8.Build.0 = Release|Any CPU
		{E650178D-9D4F-4D59-A64E-F4040EEDF452}.Release|Windows-AnyCPU.ActiveCfg = Release|Any CPU
		{E650178D-9D4F-4D59-A64E-F4040EEDF452}.Release|Windows-AnyCPU.Build.0 = Release|Any CPU
		{E650178D-9D4F-4D59-A64E-F4040EEDF452}.Release|Windows-ARM.ActiveCfg = Release|Any CPU
		{E650178D-9D4F-4D59-A64E-F4040EEDF452}.Release|Windows-ARM.Build.0 = Release|Any CPU
		{E650178D-9D4F-4D59-A64E-F4040EEDF452}.Release|Windows-x64.ActiveCfg = Release|Any CPU
		{E650178D-9D4F-4D59-A64E-F4040EEDF452}.Release|Windows-x64.Build.0 = Release|Any CPU
		{E650178D-9D4F-4D59-A64E-F4040EEDF452}.Release|Windows-x86.ActiveCfg = Release|Any CPU
		{E650178D-9D4F-4D59-A64E-F4040EEDF452}.Release|Windows-x86.Build.0 = Release|Any CPU
		{E650178D-9D4F-4D59-A64E-F4040EEDF452}.Release|x86.ActiveCfg = Release|Any CPU
		{E650178D-9D4F-4D59-A64E-F4040EEDF452}.Release|x86.Build.0 = Release|Any CPU
		{9F7E9B78-C01B-49B3-9A92-1BD803697711}.Debug|Android.ActiveCfg = Debug|Any CPU
		{9F7E9B78-C01B-49B3-9A92-1BD803697711}.Debug|Android.Build.0 = Debug|Any CPU
		{9F7E9B78-C01B-49B3-9A92-1BD803697711}.Debug|Any CPU.ActiveCfg = Debug|Any CPU
		{9F7E9B78-C01B-49B3-9A92-1BD803697711}.Debug|Any CPU.Build.0 = Debug|Any CPU
		{9F7E9B78-C01B-49B3-9A92-1BD803697711}.Debug|iOS.ActiveCfg = Debug|Any CPU
		{9F7E9B78-C01B-49B3-9A92-1BD803697711}.Debug|iOS.Build.0 = Debug|Any CPU
		{9F7E9B78-C01B-49B3-9A92-1BD803697711}.Debug|Windows Phone (Universal).ActiveCfg = Debug|Any CPU
		{9F7E9B78-C01B-49B3-9A92-1BD803697711}.Debug|Windows Phone (Universal).Build.0 = Debug|Any CPU
		{9F7E9B78-C01B-49B3-9A92-1BD803697711}.Debug|Windows Phone 8.ActiveCfg = Debug|Any CPU
		{9F7E9B78-C01B-49B3-9A92-1BD803697711}.Debug|Windows Phone 8.Build.0 = Debug|Any CPU
		{9F7E9B78-C01B-49B3-9A92-1BD803697711}.Debug|Windows-AnyCPU.ActiveCfg = Debug|Any CPU
		{9F7E9B78-C01B-49B3-9A92-1BD803697711}.Debug|Windows-AnyCPU.Build.0 = Debug|Any CPU
		{9F7E9B78-C01B-49B3-9A92-1BD803697711}.Debug|Windows-ARM.ActiveCfg = Debug|Any CPU
		{9F7E9B78-C01B-49B3-9A92-1BD803697711}.Debug|Windows-ARM.Build.0 = Debug|Any CPU
		{9F7E9B78-C01B-49B3-9A92-1BD803697711}.Debug|Windows-x64.ActiveCfg = Debug|Any CPU
		{9F7E9B78-C01B-49B3-9A92-1BD803697711}.Debug|Windows-x64.Build.0 = Debug|Any CPU
		{9F7E9B78-C01B-49B3-9A92-1BD803697711}.Debug|Windows-x86.ActiveCfg = Debug|Any CPU
		{9F7E9B78-C01B-49B3-9A92-1BD803697711}.Debug|Windows-x86.Build.0 = Debug|Any CPU
		{9F7E9B78-C01B-49B3-9A92-1BD803697711}.Debug|x86.ActiveCfg = Debug|Any CPU
		{9F7E9B78-C01B-49B3-9A92-1BD803697711}.Debug|x86.Build.0 = Debug|Any CPU
		{9F7E9B78-C01B-49B3-9A92-1BD803697711}.Release|Android.ActiveCfg = Release|Any CPU
		{9F7E9B78-C01B-49B3-9A92-1BD803697711}.Release|Android.Build.0 = Release|Any CPU
		{9F7E9B78-C01B-49B3-9A92-1BD803697711}.Release|Any CPU.ActiveCfg = Release|Any CPU
		{9F7E9B78-C01B-49B3-9A92-1BD803697711}.Release|Any CPU.Build.0 = Release|Any CPU
		{9F7E9B78-C01B-49B3-9A92-1BD803697711}.Release|iOS.ActiveCfg = Release|Any CPU
		{9F7E9B78-C01B-49B3-9A92-1BD803697711}.Release|iOS.Build.0 = Release|Any CPU
		{9F7E9B78-C01B-49B3-9A92-1BD803697711}.Release|Windows Phone (Universal).ActiveCfg = Release|Any CPU
		{9F7E9B78-C01B-49B3-9A92-1BD803697711}.Release|Windows Phone (Universal).Build.0 = Release|Any CPU
		{9F7E9B78-C01B-49B3-9A92-1BD803697711}.Release|Windows Phone 8.ActiveCfg = Release|Any CPU
		{9F7E9B78-C01B-49B3-9A92-1BD803697711}.Release|Windows Phone 8.Build.0 = Release|Any CPU
		{9F7E9B78-C01B-49B3-9A92-1BD803697711}.Release|Windows-AnyCPU.ActiveCfg = Release|Any CPU
		{9F7E9B78-C01B-49B3-9A92-1BD803697711}.Release|Windows-AnyCPU.Build.0 = Release|Any CPU
		{9F7E9B78-C01B-49B3-9A92-1BD803697711}.Release|Windows-ARM.ActiveCfg = Release|Any CPU
		{9F7E9B78-C01B-49B3-9A92-1BD803697711}.Release|Windows-ARM.Build.0 = Release|Any CPU
		{9F7E9B78-C01B-49B3-9A92-1BD803697711}.Release|Windows-x64.ActiveCfg = Release|Any CPU
		{9F7E9B78-C01B-49B3-9A92-1BD803697711}.Release|Windows-x64.Build.0 = Release|Any CPU
		{9F7E9B78-C01B-49B3-9A92-1BD803697711}.Release|Windows-x86.ActiveCfg = Release|Any CPU
		{9F7E9B78-C01B-49B3-9A92-1BD803697711}.Release|Windows-x86.Build.0 = Release|Any CPU
		{9F7E9B78-C01B-49B3-9A92-1BD803697711}.Release|x86.ActiveCfg = Release|Any CPU
		{9F7E9B78-C01B-49B3-9A92-1BD803697711}.Release|x86.Build.0 = Release|Any CPU
		{5947D89D-8453-4690-950A-F143DEC7A867}.Debug|Android.ActiveCfg = Debug|Any CPU
		{5947D89D-8453-4690-950A-F143DEC7A867}.Debug|Android.Build.0 = Debug|Any CPU
		{5947D89D-8453-4690-950A-F143DEC7A867}.Debug|Any CPU.ActiveCfg = Debug|Any CPU
		{5947D89D-8453-4690-950A-F143DEC7A867}.Debug|Any CPU.Build.0 = Debug|Any CPU
		{5947D89D-8453-4690-950A-F143DEC7A867}.Debug|iOS.ActiveCfg = Debug|Any CPU
		{5947D89D-8453-4690-950A-F143DEC7A867}.Debug|iOS.Build.0 = Debug|Any CPU
		{5947D89D-8453-4690-950A-F143DEC7A867}.Debug|Windows Phone (Universal).ActiveCfg = Debug|Any CPU
		{5947D89D-8453-4690-950A-F143DEC7A867}.Debug|Windows Phone (Universal).Build.0 = Debug|Any CPU
		{5947D89D-8453-4690-950A-F143DEC7A867}.Debug|Windows Phone 8.ActiveCfg = Debug|Any CPU
		{5947D89D-8453-4690-950A-F143DEC7A867}.Debug|Windows Phone 8.Build.0 = Debug|Any CPU
		{5947D89D-8453-4690-950A-F143DEC7A867}.Debug|Windows-AnyCPU.ActiveCfg = Debug|Any CPU
		{5947D89D-8453-4690-950A-F143DEC7A867}.Debug|Windows-AnyCPU.Build.0 = Debug|Any CPU
		{5947D89D-8453-4690-950A-F143DEC7A867}.Debug|Windows-ARM.ActiveCfg = Debug|Any CPU
		{5947D89D-8453-4690-950A-F143DEC7A867}.Debug|Windows-ARM.Build.0 = Debug|Any CPU
		{5947D89D-8453-4690-950A-F143DEC7A867}.Debug|Windows-x64.ActiveCfg = Debug|Any CPU
		{5947D89D-8453-4690-950A-F143DEC7A867}.Debug|Windows-x64.Build.0 = Debug|Any CPU
		{5947D89D-8453-4690-950A-F143DEC7A867}.Debug|Windows-x86.ActiveCfg = Debug|Any CPU
		{5947D89D-8453-4690-950A-F143DEC7A867}.Debug|Windows-x86.Build.0 = Debug|Any CPU
		{5947D89D-8453-4690-950A-F143DEC7A867}.Debug|x86.ActiveCfg = Debug|Any CPU
		{5947D89D-8453-4690-950A-F143DEC7A867}.Debug|x86.Build.0 = Debug|Any CPU
		{5947D89D-8453-4690-950A-F143DEC7A867}.Release|Android.ActiveCfg = Release|Any CPU
		{5947D89D-8453-4690-950A-F143DEC7A867}.Release|Android.Build.0 = Release|Any CPU
		{5947D89D-8453-4690-950A-F143DEC7A867}.Release|Any CPU.ActiveCfg = Release|Any CPU
		{5947D89D-8453-4690-950A-F143DEC7A867}.Release|Any CPU.Build.0 = Release|Any CPU
		{5947D89D-8453-4690-950A-F143DEC7A867}.Release|iOS.ActiveCfg = Release|Any CPU
		{5947D89D-8453-4690-950A-F143DEC7A867}.Release|iOS.Build.0 = Release|Any CPU
		{5947D89D-8453-4690-950A-F143DEC7A867}.Release|Windows Phone (Universal).ActiveCfg = Release|Any CPU
		{5947D89D-8453-4690-950A-F143DEC7A867}.Release|Windows Phone (Universal).Build.0 = Release|Any CPU
		{5947D89D-8453-4690-950A-F143DEC7A867}.Release|Windows Phone 8.ActiveCfg = Release|Any CPU
		{5947D89D-8453-4690-950A-F143DEC7A867}.Release|Windows Phone 8.Build.0 = Release|Any CPU
		{5947D89D-8453-4690-950A-F143DEC7A867}.Release|Windows-AnyCPU.ActiveCfg = Release|Any CPU
		{5947D89D-8453-4690-950A-F143DEC7A867}.Release|Windows-AnyCPU.Build.0 = Release|Any CPU
		{5947D89D-8453-4690-950A-F143DEC7A867}.Release|Windows-ARM.ActiveCfg = Release|Any CPU
		{5947D89D-8453-4690-950A-F143DEC7A867}.Release|Windows-ARM.Build.0 = Release|Any CPU
		{5947D89D-8453-4690-950A-F143DEC7A867}.Release|Windows-x64.ActiveCfg = Release|Any CPU
		{5947D89D-8453-4690-950A-F143DEC7A867}.Release|Windows-x64.Build.0 = Release|Any CPU
		{5947D89D-8453-4690-950A-F143DEC7A867}.Release|Windows-x86.ActiveCfg = Release|Any CPU
		{5947D89D-8453-4690-950A-F143DEC7A867}.Release|Windows-x86.Build.0 = Release|Any CPU
		{5947D89D-8453-4690-950A-F143DEC7A867}.Release|x86.ActiveCfg = Release|Any CPU
		{5947D89D-8453-4690-950A-F143DEC7A867}.Release|x86.Build.0 = Release|Any CPU
		{ED490293-047D-4A18-BEA0-B3066F1CE1C6}.Debug|Android.ActiveCfg = Debug|Any CPU
		{ED490293-047D-4A18-BEA0-B3066F1CE1C6}.Debug|Android.Build.0 = Debug|Any CPU
		{ED490293-047D-4A18-BEA0-B3066F1CE1C6}.Debug|Any CPU.ActiveCfg = Debug|Any CPU
		{ED490293-047D-4A18-BEA0-B3066F1CE1C6}.Debug|Any CPU.Build.0 = Debug|Any CPU
		{ED490293-047D-4A18-BEA0-B3066F1CE1C6}.Debug|iOS.ActiveCfg = Debug|Any CPU
		{ED490293-047D-4A18-BEA0-B3066F1CE1C6}.Debug|iOS.Build.0 = Debug|Any CPU
		{ED490293-047D-4A18-BEA0-B3066F1CE1C6}.Debug|Windows Phone (Universal).ActiveCfg = Debug|Any CPU
		{ED490293-047D-4A18-BEA0-B3066F1CE1C6}.Debug|Windows Phone (Universal).Build.0 = Debug|Any CPU
		{ED490293-047D-4A18-BEA0-B3066F1CE1C6}.Debug|Windows Phone 8.ActiveCfg = Debug|Any CPU
		{ED490293-047D-4A18-BEA0-B3066F1CE1C6}.Debug|Windows Phone 8.Build.0 = Debug|Any CPU
		{ED490293-047D-4A18-BEA0-B3066F1CE1C6}.Debug|Windows-AnyCPU.ActiveCfg = Debug|Any CPU
		{ED490293-047D-4A18-BEA0-B3066F1CE1C6}.Debug|Windows-AnyCPU.Build.0 = Debug|Any CPU
		{ED490293-047D-4A18-BEA0-B3066F1CE1C6}.Debug|Windows-ARM.ActiveCfg = Debug|Any CPU
		{ED490293-047D-4A18-BEA0-B3066F1CE1C6}.Debug|Windows-ARM.Build.0 = Debug|Any CPU
		{ED490293-047D-4A18-BEA0-B3066F1CE1C6}.Debug|Windows-x64.ActiveCfg = Debug|Any CPU
		{ED490293-047D-4A18-BEA0-B3066F1CE1C6}.Debug|Windows-x64.Build.0 = Debug|Any CPU
		{ED490293-047D-4A18-BEA0-B3066F1CE1C6}.Debug|Windows-x86.ActiveCfg = Debug|Any CPU
		{ED490293-047D-4A18-BEA0-B3066F1CE1C6}.Debug|Windows-x86.Build.0 = Debug|Any CPU
		{ED490293-047D-4A18-BEA0-B3066F1CE1C6}.Debug|x86.ActiveCfg = Debug|Any CPU
		{ED490293-047D-4A18-BEA0-B3066F1CE1C6}.Debug|x86.Build.0 = Debug|Any CPU
		{ED490293-047D-4A18-BEA0-B3066F1CE1C6}.Release|Android.ActiveCfg = Release|Any CPU
		{ED490293-047D-4A18-BEA0-B3066F1CE1C6}.Release|Android.Build.0 = Release|Any CPU
		{ED490293-047D-4A18-BEA0-B3066F1CE1C6}.Release|Any CPU.ActiveCfg = Release|Any CPU
		{ED490293-047D-4A18-BEA0-B3066F1CE1C6}.Release|Any CPU.Build.0 = Release|Any CPU
		{ED490293-047D-4A18-BEA0-B3066F1CE1C6}.Release|iOS.ActiveCfg = Release|Any CPU
		{ED490293-047D-4A18-BEA0-B3066F1CE1C6}.Release|iOS.Build.0 = Release|Any CPU
		{ED490293-047D-4A18-BEA0-B3066F1CE1C6}.Release|Windows Phone (Universal).ActiveCfg = Release|Any CPU
		{ED490293-047D-4A18-BEA0-B3066F1CE1C6}.Release|Windows Phone (Universal).Build.0 = Release|Any CPU
		{ED490293-047D-4A18-BEA0-B3066F1CE1C6}.Release|Windows Phone 8.ActiveCfg = Release|Any CPU
		{ED490293-047D-4A18-BEA0-B3066F1CE1C6}.Release|Windows Phone 8.Build.0 = Release|Any CPU
		{ED490293-047D-4A18-BEA0-B3066F1CE1C6}.Release|Windows-AnyCPU.ActiveCfg = Release|Any CPU
		{ED490293-047D-4A18-BEA0-B3066F1CE1C6}.Release|Windows-AnyCPU.Build.0 = Release|Any CPU
		{ED490293-047D-4A18-BEA0-B3066F1CE1C6}.Release|Windows-ARM.ActiveCfg = Release|Any CPU
		{ED490293-047D-4A18-BEA0-B3066F1CE1C6}.Release|Windows-ARM.Build.0 = Release|Any CPU
		{ED490293-047D-4A18-BEA0-B3066F1CE1C6}.Release|Windows-x64.ActiveCfg = Release|Any CPU
		{ED490293-047D-4A18-BEA0-B3066F1CE1C6}.Release|Windows-x64.Build.0 = Release|Any CPU
		{ED490293-047D-4A18-BEA0-B3066F1CE1C6}.Release|Windows-x86.ActiveCfg = Release|Any CPU
		{ED490293-047D-4A18-BEA0-B3066F1CE1C6}.Release|Windows-x86.Build.0 = Release|Any CPU
		{ED490293-047D-4A18-BEA0-B3066F1CE1C6}.Release|x86.ActiveCfg = Release|Any CPU
		{ED490293-047D-4A18-BEA0-B3066F1CE1C6}.Release|x86.Build.0 = Release|Any CPU
  EndGlobalSection
 	GlobalSection(SolutionProperties) = preSolution
		HideSolutionNode = FALSE
	EndGlobalSection 
  GlobalSection(NestedProjects) = preSolution
    {A6B0130D-F902-4045-9AB6-BE4CF27999C3} = {2AFBEF75-7602-409E-A9A2-02D7CD464D5F}
    {4218D69B-4BFE-4F1C-847B-AF2B6B296C43} = {2AFBEF75-7602-409E-A9A2-02D7CD464D5F}
    {3828C3D0-3395-418F-95C2-A0F1788B0D8C} = {2AFBEF75-7602-409E-A9A2-02D7CD464D5F}
    {507783A2-5FC7-43F7-9ECE-F69FC2379D81} = {2AFBEF75-7602-409E-A9A2-02D7CD464D5F}
    {5F159C4C-D37B-4F8D-AD84-06CFF4672B46} = {3828C3D0-3395-418F-95C2-A0F1788B0D8C}
    {C5328949-BFB6-4E76-B76E-82BEEB056097} = {3828C3D0-3395-418F-95C2-A0F1788B0D8C}
    {B9961AB3-B91E-4DDE-863A-9D5130B3EC59} = {A6B0130D-F902-4045-9AB6-BE4CF27999C3}
    {C2F8E46C-8CB5-44DF-8809-68D950AA1330} = {A6B0130D-F902-4045-9AB6-BE4CF27999C3}
    {FC3E9445-3F1A-4DC6-9C8F-20E29B0D988A} = {4218D69B-4BFE-4F1C-847B-AF2B6B296C43}
    {12F3B1A6-C2E1-4361-B90A-B2A7AC64E9B1} = {507783A2-5FC7-43F7-9ECE-F69FC2379D81}
	{A44CF5CF-98CE-4167-8769-2F11A8CC24CB} = {9AE15966-1267-49B5-A284-8E0B7594F9D1}
	{E650178D-9D4F-4D59-A64E-F4040EEDF452} = {9AE15966-1267-49B5-A284-8E0B7594F9D1}
	{9F7E9B78-C01B-49B3-9A92-1BD803697711} = {9AE15966-1267-49B5-A284-8E0B7594F9D1}
	{5947D89D-8453-4690-950A-F143DEC7A867} = {9AE15966-1267-49B5-A284-8E0B7594F9D1}
	{ED490293-047D-4A18-BEA0-B3066F1CE1C6} = {9AE15966-1267-49B5-A284-8E0B7594F9D1}
});
	EndGlobalSection
EndGlobal
